PODS:
  - DifferenceKit (1.1.5):
    - DifferenceKit/Core (= 1.1.5)
    - DifferenceKit/UIKitExtension (= 1.1.5)
  - DifferenceKit/Core (1.1.5)
  - DifferenceKit/UIKitExtension (1.1.5):
    - DifferenceKit/Core

DEPENDENCIES:
  - DifferenceKit

SPEC REPOS:
  trunk:
    - DifferenceKit

SPEC CHECKSUMS:
  DifferenceKit: 516f12e336ed65a3a0665847b5c3cb5cad4bd4ea

PODFILE CHECKSUM: d965d378557b4d77fe618d8987cf793086cfe433

COCOAPODS: 1.9.1
