PODS:
  - DifferenceKit (1.1.5):
    - DifferenceKit/Core (= 1.1.5)
    - DifferenceKit/UIKitExtension (= 1.1.5)
  - DifferenceKit/Core (1.1.5)
  - DifferenceKit/UIKitExtension (1.1.5):
    - DifferenceKit/Core
  - FXListKit (1.2.0):
    - FXListKit/Core (= 1.2.0)
  - FXListKit/Core (1.2.0)

DEPENDENCIES:
  - DifferenceKit
  - FXListKit (from `../FXListKit`)

SPEC REPOS:
  trunk:
    - DifferenceKit

EXTERNAL SOURCES:
  FXListKit:
    :path: "../FXListKit"

SPEC CHECKSUMS:
  DifferenceKit: 516f12e336ed65a3a0665847b5c3cb5cad4bd4ea
  FXListKit: 727af80554a180550647a739432cc70f016d412a

PODFILE CHECKSUM: 13f00f648d0fe0e24c39876805f2098340ed857a

COCOAPODS: 1.10.1
